
Microsoft Visual Studio Solution File, Format Version 12.00
# Visual Studio Version 17
VisualStudioVersion = 17.8.34525.116
MinimumVisualStudioVersion = 10.0.40219.1
Project("{8BC9CEB8-8B4A-11D0-8D11-00A0C91BC942}") = "CPP_Study3", "CPP_Study3\CPP_Study3.vcxproj", "{6F132D85-48ED-404B-B79C-829569EFCF71}"
EndProject
Project("{8BC9CEB8-8B4A-11D0-8D11-00A0C91BC942}") = "Maze", "Maze\Maze.vcxproj", "{E6296AC4-8002-431B-BD1E-85852EBAE70B}"
EndProject
Project("{2150E333-8FDC-42A3-9474-1A3956D46DE8}") = "솔루션 항목", "솔루션 항목", "{EFC99EA2-5C48-40F8-9376-88F41BA77526}"
EndProject
Project("{2150E333-8FDC-42A3-9474-1A3956D46DE8}") = "Solution Items", "Solution Items", "{08592CE0-FF6A-4C69-8E43-B5DCF9A75102}"
	ProjectSection(SolutionItems) = preProject
		.editorconfig = .editorconfig
	EndProjectSection
EndProject
Global
	GlobalSection(SolutionConfigurationPlatforms) = preSolution
		Debug|x64 = Debug|x64
		Debug|x86 = Debug|x86
		Release|x64 = Release|x64
		Release|x86 = Release|x86
	EndGlobalSection
	GlobalSection(ProjectConfigurationPlatforms) = postSolution
		{6F132D85-48ED-404B-B79C-829569EFCF71}.Debug|x64.ActiveCfg = Debug|x64
		{6F132D85-48ED-404B-B79C-829569EFCF71}.Debug|x64.Build.0 = Debug|x64
		{6F132D85-48ED-404B-B79C-829569EFCF71}.Debug|x86.ActiveCfg = Debug|Win32
		{6F132D85-48ED-404B-B79C-829569EFCF71}.Debug|x86.Build.0 = Debug|Win32
		{6F132D85-48ED-404B-B79C-829569EFCF71}.Release|x64.ActiveCfg = Release|x64
		{6F132D85-48ED-404B-B79C-829569EFCF71}.Release|x64.Build.0 = Release|x64
		{6F132D85-48ED-404B-B79C-829569EFCF71}.Release|x86.ActiveCfg = Release|Win32
		{6F132D85-48ED-404B-B79C-829569EFCF71}.Release|x86.Build.0 = Release|Win32
		{E6296AC4-8002-431B-BD1E-85852EBAE70B}.Debug|x64.ActiveCfg = Debug|x64
		{E6296AC4-8002-431B-BD1E-85852EBAE70B}.Debug|x64.Build.0 = Debug|x64
		{E6296AC4-8002-431B-BD1E-85852EBAE70B}.Debug|x86.ActiveCfg = Debug|Win32
		{E6296AC4-8002-431B-BD1E-85852EBAE70B}.Debug|x86.Build.0 = Debug|Win32
		{E6296AC4-8002-431B-BD1E-85852EBAE70B}.Release|x64.ActiveCfg = Release|x64
		{E6296AC4-8002-431B-BD1E-85852EBAE70B}.Release|x64.Build.0 = Release|x64
		{E6296AC4-8002-431B-BD1E-85852EBAE70B}.Release|x86.ActiveCfg = Release|Win32
		{E6296AC4-8002-431B-BD1E-85852EBAE70B}.Release|x86.Build.0 = Release|Win32
	EndGlobalSection
	GlobalSection(SolutionProperties) = preSolution
		HideSolutionNode = FALSE
	EndGlobalSection
	GlobalSection(ExtensibilityGlobals) = postSolution
		SolutionGuid = {E9726987-C4F2-4C59-8C6E-A40D9A8DBC9E}
	EndGlobalSection
EndGlobal
